
Microsoft Visual Studio Solution File, Format Version 12.00
# Visual Studio 15
VisualStudioVersion = 15.0.27703.2047
MinimumVisualStudioVersion = 10.0.40219.1
Project("{FAE04EC0-301F-11D3-BF4B-00C04F79EFBC}") = "Dashboard", "Dashboard\Dashboard.csproj", "{AA200831-88A8-4F4B-892C-4FE9F1BD43B7}"
EndProject
Global
	GlobalSection(SolutionConfigurationPlatforms) = preSolution
		Debug|Any CPU = Debug|Any CPU
		Release|Any CPU = Release|Any CPU
	EndGlobalSection
	GlobalSection(ProjectConfigurationPlatforms) = postSolution
		{AA200831-88A8-4F4B-892C-4FE9F1BD43B7}.Debug|Any CPU.ActiveCfg = Debug|Any CPU
		{AA200831-88A8-4F4B-892C-4FE9F1BD43B7}.Debug|Any CPU.Build.0 = Debug|Any CPU
		{AA200831-88A8-4F4B-892C-4FE9F1BD43B7}.Release|Any CPU.ActiveCfg = Release|Any CPU
		{AA200831-88A8-4F4B-892C-4FE9F1BD43B7}.Release|Any CPU.Build.0 = Release|Any CPU
	EndGlobalSection
	GlobalSection(SolutionProperties) = preSolution
		HideSolutionNode = FALSE
	EndGlobalSection
	GlobalSection(ExtensibilityGlobals) = postSolution
		SolutionGuid = {D301C0D5-198F-46A4-BF90-C4E6DF9B8554}
	EndGlobalSection
EndGlobal
